
Microsoft Visual Studio Solution File, Format Version 12.00
# Visual Studio 2013
VisualStudioVersion = 12.0.31101.0
MinimumVisualStudioVersion = 10.0.40219.1
Project("{FAE04EC0-301F-11D3-BF4B-00C04F79EFBC}") = "VeInteractiveTest.Tests", "VeInteractiveTest.Tests\VeInteractiveTest.Tests.csproj", "{24010263-1A16-4D32-BED7-D4D0A9B15A57}"
EndProject
Project("{FAE04EC0-301F-11D3-BF4B-00C04F79EFBC}") = "VeInteractiveTest.Domain", "VeInteractiveTest.Domain\VeInteractiveTest.Domain.csproj", "{1811DEE2-7846-4CB0-B51A-211A89D6D585}"
EndProject
Project("{FAE04EC0-301F-11D3-BF4B-00C04F79EFBC}") = "VeInteractive.Web", "VeInteractive.Web\VeInteractive.Web.csproj", "{F200C25E-68A1-4A1B-8B1F-872B0F78709D}"
EndProject
Global
	GlobalSection(SolutionConfigurationPlatforms) = preSolution
		Debug|Any CPU = Debug|Any CPU
		Release|Any CPU = Release|Any CPU
	EndGlobalSection
	GlobalSection(ProjectConfigurationPlatforms) = postSolution
		{24010263-1A16-4D32-BED7-D4D0A9B15A57}.Debug|Any CPU.ActiveCfg = Debug|Any CPU
		{24010263-1A16-4D32-BED7-D4D0A9B15A57}.Debug|Any CPU.Build.0 = Debug|Any CPU
		{24010263-1A16-4D32-BED7-D4D0A9B15A57}.Release|Any CPU.ActiveCfg = Release|Any CPU
		{24010263-1A16-4D32-BED7-D4D0A9B15A57}.Release|Any CPU.Build.0 = Release|Any CPU
		{1811DEE2-7846-4CB0-B51A-211A89D6D585}.Debug|Any CPU.ActiveCfg = Debug|Any CPU
		{1811DEE2-7846-4CB0-B51A-211A89D6D585}.Debug|Any CPU.Build.0 = Debug|Any CPU
		{1811DEE2-7846-4CB0-B51A-211A89D6D585}.Release|Any CPU.ActiveCfg = Release|Any CPU
		{1811DEE2-7846-4CB0-B51A-211A89D6D585}.Release|Any CPU.Build.0 = Release|Any CPU
		{F200C25E-68A1-4A1B-8B1F-872B0F78709D}.Debug|Any CPU.ActiveCfg = Debug|Any CPU
		{F200C25E-68A1-4A1B-8B1F-872B0F78709D}.Debug|Any CPU.Build.0 = Debug|Any CPU
		{F200C25E-68A1-4A1B-8B1F-872B0F78709D}.Release|Any CPU.ActiveCfg = Release|Any CPU
		{F200C25E-68A1-4A1B-8B1F-872B0F78709D}.Release|Any CPU.Build.0 = Release|Any CPU
	EndGlobalSection
	GlobalSection(SolutionProperties) = preSolution
		HideSolutionNode = FALSE
	EndGlobalSection
EndGlobal
